
Microsoft Visual Studio Solution File, Format Version 12.00
# Visual Studio 15
VisualStudioVersion = 15.0.28307.2017
MinimumVisualStudioVersion = 10.0.40219.1
Project("{FAE04EC0-301F-11D3-BF4B-00C04F79EFBC}") = "WebProjekat", "WebProjekat\WebProjekat.csproj", "{5D77DFEB-F73D-427F-BEA8-4CE664945DCD}"
EndProject
Global
	GlobalSection(SolutionConfigurationPlatforms) = preSolution
		Debug|Any CPU = Debug|Any CPU
		Release|Any CPU = Release|Any CPU
	EndGlobalSection
	GlobalSection(ProjectConfigurationPlatforms) = postSolution
		{5D77DFEB-F73D-427F-BEA8-4CE664945DCD}.Debug|Any CPU.ActiveCfg = Debug|Any CPU
		{5D77DFEB-F73D-427F-BEA8-4CE664945DCD}.Debug|Any CPU.Build.0 = Debug|Any CPU
		{5D77DFEB-F73D-427F-BEA8-4CE664945DCD}.Release|Any CPU.ActiveCfg = Release|Any CPU
		{5D77DFEB-F73D-427F-BEA8-4CE664945DCD}.Release|Any CPU.Build.0 = Release|Any CPU
	EndGlobalSection
	GlobalSection(SolutionProperties) = preSolution
		HideSolutionNode = FALSE
	EndGlobalSection
	GlobalSection(ExtensibilityGlobals) = postSolution
		SolutionGuid = {1946DF69-2FAC-452F-9585-F70F442425F0}
	EndGlobalSection
EndGlobal
